{
  "nodes": {
    "flake-utils": {
      "inputs": {
        "systems": "systems"
      },
      "locked": {
        "lastModified": 1731533236,
        "narHash": "sha256-l0KFg5HjrsfsO/JpG+r7fRrqm12kzFHyUHqHCVpMMbI=",
        "owner": "numtide",
        "repo": "flake-utils",
        "rev": "11707dc2f618dd54ca8739b309ec4fc024de578b",
        "type": "github"
      },
      "original": {
        "owner": "numtide",
        "repo": "flake-utils",
        "type": "github"
      }
    },
    "home-manager": {
      "inputs": {
        "nixpkgs": [
          "nixpkgs"
        ]
      },
      "locked": {
        "lastModified": 1759550472,
        "narHash": "sha256-JLM3D6RbnGmXR8x+3WNac9neklAxA1JtZHZscwukFYw=",
        "owner": "nix-community",
        "repo": "home-manager",
        "rev": "817ace497b72b38da0c08728a683b7febaccf9cf",
        "type": "github"
      },
      "original": {
        "owner": "nix-community",
        "repo": "home-manager",
        "type": "github"
      }
    },
    "nixCats": {
      "locked": {
        "lastModified": 1758545673,
        "narHash": "sha256-MMcEImF7vHqImzrdRlSFCbzGq0ebi/5eSYwypNGr+AA=",
        "owner": "BirdeeHub",
        "repo": "nixCats-nvim",
        "rev": "91f9a4b4605cc3aed835e180eb58a5bd73236407",
        "type": "github"
      },
      "original": {
        "owner": "BirdeeHub",
        "repo": "nixCats-nvim",
        "type": "github"
      }
    },
    "nixpkgs": {
      "locked": {
        "lastModified": 1759381078,
        "narHash": "sha256-gTrEEp5gEspIcCOx9PD8kMaF1iEmfBcTbO0Jag2QhQs=",
        "owner": "NixOS",
        "repo": "nixpkgs",
        "rev": "7df7ff7d8e00218376575f0acdcc5d66741351ee",
        "type": "github"
      },
      "original": {
        "owner": "NixOS",
        "ref": "nixos-unstable",
        "repo": "nixpkgs",
        "type": "github"
      }
    },
    "nixpkgs-unstable": {
      "locked": {
        "lastModified": 1759417375,
        "narHash": "sha256-O7eHcgkQXJNygY6AypkF9tFhsoDQjpNEojw3eFs73Ow=",
        "owner": "NixOS",
        "repo": "nixpkgs",
        "rev": "dc704e6102e76aad573f63b74c742cd96f8f1e6c",
        "type": "github"
      },
      "original": {
        "owner": "NixOS",
        "ref": "nixpkgs-unstable",
        "repo": "nixpkgs",
        "type": "github"
      }
    },
    "nvim-config": {
      "inputs": {
        "nixCats": "nixCats",
        "nixpkgs": [
          "nixpkgs"
        ],
        "plugins-menu.nvim": "plugins-menu.nvim",
        "plugins-snakcs.nvim": "plugins-snakcs.nvim"
      },
      "locked": {
        "lastModified": 1759552762,
        "narHash": "sha256-PadXsjcZXOXSKrf1Tqi/6cC6RLvK7n5UAHasTk3Qq0w=",
        "owner": "GGM-Kuro",
        "repo": "zen-nvim",
        "rev": "8fa149c21405db625e04a15011e29984b273b970",
        "type": "github"
      },
      "original": {
        "owner": "GGM-Kuro",
        "repo": "zen-nvim",
        "type": "github"
      }
    },
    "plugins-menu.nvim": {
      "flake": false,
      "locked": {
        "lastModified": 1748784363,
        "narHash": "sha256-4GfQ6Mo32rsoQAXKZF9Bpnm/sms2hfbrTldpLp5ySoY=",
        "owner": "nvzone",
        "repo": "menu",
        "rev": "7a0a4a2896b715c066cfbe320bdc048091874cc6",
        "type": "github"
      },
      "original": {
        "owner": "nvzone",
        "repo": "menu",
        "type": "github"
      }
    },
    "plugins-snakcs.nvim": {
      "flake": false,
      "locked": {
        "lastModified": 1759249047,
        "narHash": "sha256-gS+9fi43wPGDMdPNA14GQ9QZdOxCD6lMx4Do+1TDaxg=",
        "owner": "folke",
        "repo": "snacks.nvim",
        "rev": "bfe8c26dbd83f7c4fbc222787552e29b4eccfcc0",
        "type": "github"
      },
      "original": {
        "owner": "folke",
        "repo": "snacks.nvim",
        "type": "github"
      }
    },
    "root": {
      "inputs": {
        "flake-utils": "flake-utils",
        "home-manager": "home-manager",
        "nixpkgs": "nixpkgs",
        "nixpkgs-unstable": "nixpkgs-unstable",
        "nvim-config": "nvim-config"
      }
    },
    "systems": {
      "locked": {
        "lastModified": 1681028828,
        "narHash": "sha256-Vy1rq5AaRuLzOxct8nz4T6wlgyUR7zLU309k9mBC768=",
        "owner": "nix-systems",
        "repo": "default",
        "rev": "da67096a3b9bf56a91d16901293e51ba5b49a27e",
        "type": "github"
      },
      "original": {
        "owner": "nix-systems",
        "repo": "default",
        "type": "github"
      }
    }
  },
  "root": "root",
  "version": 7
}
