{
  "nodes": {
    "flake-utils": {
      "inputs": {
        "systems": "systems"
      },
      "locked": {
        "lastModified": 1731533236,
        "narHash": "sha256-l0KFg5HjrsfsO/JpG+r7fRrqm12kzFHyUHqHCVpMMbI=",
        "owner": "numtide",
        "repo": "flake-utils",
        "rev": "11707dc2f618dd54ca8739b309ec4fc024de578b",
        "type": "github"
      },
      "original": {
        "owner": "numtide",
        "repo": "flake-utils",
        "type": "github"
      }
    },
    "home-manager": {
      "inputs": {
        "nixpkgs": [
          "nixpkgs"
        ]
      },
      "locked": {
        "lastModified": 1767104570,
        "narHash": "sha256-GKgwu5//R+cLdKysZjGqvUEEOGXXLdt93sNXeb2M/Lk=",
        "owner": "nix-community",
        "repo": "home-manager",
        "rev": "e4e78a2cbeaddd07ab7238971b16468cc1d14daf",
        "type": "github"
      },
      "original": {
        "owner": "nix-community",
        "repo": "home-manager",
        "type": "github"
      }
    },
    "nixCats": {
      "locked": {
        "lastModified": 1764009888,
        "narHash": "sha256-hJekfTiW1792txgRSM4LcHnz1lDSY87LYbsJEn2V378=",
        "owner": "BirdeeHub",
        "repo": "nixCats-nvim",
        "rev": "16ac3281f322ea15d39843829e42a44d22da3715",
        "type": "github"
      },
      "original": {
        "owner": "BirdeeHub",
        "repo": "nixCats-nvim",
        "type": "github"
      }
    },
    "nixpkgs": {
      "locked": {
        "lastModified": 1767116409,
        "narHash": "sha256-5vKw92l1GyTnjoLzEagJy5V5mDFck72LiQWZSOnSicw=",
        "owner": "NixOS",
        "repo": "nixpkgs",
        "rev": "cad22e7d996aea55ecab064e84834289143e44a0",
        "type": "github"
      },
      "original": {
        "owner": "NixOS",
        "ref": "nixos-unstable",
        "repo": "nixpkgs",
        "type": "github"
      }
    },
    "nixpkgs-unstable": {
      "locked": {
        "lastModified": 1767242400,
        "narHash": "sha256-knFaYjeg7swqG1dljj1hOxfg39zrIy8pfGuicjm9s+o=",
        "owner": "NixOS",
        "repo": "nixpkgs",
        "rev": "c04833a1e584401bb63c1a63ddc51a71e6aa457a",
        "type": "github"
      },
      "original": {
        "owner": "NixOS",
        "ref": "nixpkgs-unstable",
        "repo": "nixpkgs",
        "type": "github"
      }
    },
    "nvim-config": {
      "inputs": {
        "nixCats": "nixCats",
        "nixpkgs": [
          "nixpkgs"
        ],
        "plugins-debugmaster": "plugins-debugmaster",
        "plugins-neotest": "plugins-neotest",
        "plugins-quicktype": "plugins-quicktype",
        "plugins-snacks": "plugins-snacks",
        "plugins-winpick": "plugins-winpick"
      },
      "locked": {
        "lastModified": 1767314869,
        "narHash": "sha256-a7ROhTLoD+EmnVmRU2YPVmRpSRO+tBX4h4efXaIZIrU=",
        "owner": "GGM-Kuro",
        "repo": "zen-nvim",
        "rev": "01dfb38834e9d1faa0c0fc1ff82b3cdbb478fd78",
        "type": "github"
      },
      "original": {
        "owner": "GGM-Kuro",
        "repo": "zen-nvim",
        "type": "github"
      }
    },
    "plugins-debugmaster": {
      "flake": false,
      "locked": {
        "lastModified": 1752666818,
        "narHash": "sha256-pdgS0z8KdLsl7VexbPaRPtYc2lebzAgTtM3B52IaCpQ=",
        "owner": "miroshQa",
        "repo": "debugmaster.nvim",
        "rev": "3d144b98c2c23f39123fbf5f10fdff7d6480a0e6",
        "type": "github"
      },
      "original": {
        "owner": "miroshQa",
        "repo": "debugmaster.nvim",
        "type": "github"
      }
    },
    "plugins-neotest": {
      "flake": false,
      "locked": {
        "lastModified": 1762592165,
        "narHash": "sha256-0C4CWTHXXsC/dbZvW5KT+oNXX07rweh2Nem385hwLmI=",
        "owner": "nvim-neotest",
        "repo": "neotest",
        "rev": "deadfb1af5ce458742671ad3a013acb9a6b41178",
        "type": "github"
      },
      "original": {
        "owner": "nvim-neotest",
        "repo": "neotest",
        "type": "github"
      }
    },
    "plugins-quicktype": {
      "flake": false,
      "locked": {
        "lastModified": 1746874816,
        "narHash": "sha256-6BUKuRZ+7cUYvXuP9WF760IID9O4x/hn7uOK5/iApgc=",
        "owner": "midoBB",
        "repo": "nvim-quicktype",
        "rev": "6d557a32fec1fb8a0b635e98cb856b24c7f0ef00",
        "type": "github"
      },
      "original": {
        "owner": "midoBB",
        "repo": "nvim-quicktype",
        "type": "github"
      }
    },
    "plugins-snacks": {
      "flake": false,
      "locked": {
        "lastModified": 1763464072,
        "narHash": "sha256-vRedYg29QGPGW0hOX9qbRSIImh1d/SoDZHImDF2oqKM=",
        "owner": "folke",
        "repo": "snacks.nvim",
        "rev": "fe7cfe9800a182274d0f868a74b7263b8c0c020b",
        "type": "github"
      },
      "original": {
        "owner": "folke",
        "repo": "snacks.nvim",
        "type": "github"
      }
    },
    "plugins-winpick": {
      "flake": false,
      "locked": {
        "lastModified": 1751282954,
        "narHash": "sha256-YXwM0hzqyIob6wMumkqqsPp2nRMuPxYnrHW4ihU6htw=",
        "owner": "MarcusGrass",
        "repo": "nvim_winpick",
        "rev": "18037e9f5ce417bd75d16ebbf70787bcc478c249",
        "type": "github"
      },
      "original": {
        "owner": "MarcusGrass",
        "repo": "nvim_winpick",
        "type": "github"
      }
    },
    "root": {
      "inputs": {
        "flake-utils": "flake-utils",
        "home-manager": "home-manager",
        "nixpkgs": "nixpkgs",
        "nixpkgs-unstable": "nixpkgs-unstable",
        "nvim-config": "nvim-config"
      }
    },
    "systems": {
      "locked": {
        "lastModified": 1681028828,
        "narHash": "sha256-Vy1rq5AaRuLzOxct8nz4T6wlgyUR7zLU309k9mBC768=",
        "owner": "nix-systems",
        "repo": "default",
        "rev": "da67096a3b9bf56a91d16901293e51ba5b49a27e",
        "type": "github"
      },
      "original": {
        "owner": "nix-systems",
        "repo": "default",
        "type": "github"
      }
    }
  },
  "root": "root",
  "version": 7
}
