{
  "nodes": {
    "flake-utils": {
      "inputs": {
        "systems": "systems"
      },
      "locked": {
        "lastModified": 1731533236,
        "narHash": "sha256-l0KFg5HjrsfsO/JpG+r7fRrqm12kzFHyUHqHCVpMMbI=",
        "owner": "numtide",
        "repo": "flake-utils",
        "rev": "11707dc2f618dd54ca8739b309ec4fc024de578b",
        "type": "github"
      },
      "original": {
        "owner": "numtide",
        "repo": "flake-utils",
        "type": "github"
      }
    },
    "home-manager": {
      "inputs": {
        "nixpkgs": [
          "nixpkgs"
        ]
      },
      "locked": {
        "lastModified": 1761266473,
        "narHash": "sha256-QxCyKWBmuzI+eMhYV1JmbZsiUnBNATRP1EW34OBt5Vg=",
        "owner": "nix-community",
        "repo": "home-manager",
        "rev": "5c71d4a730bd3c972befff343bb074421e345937",
        "type": "github"
      },
      "original": {
        "owner": "nix-community",
        "repo": "home-manager",
        "type": "github"
      }
    },
    "nixCats": {
      "locked": {
        "lastModified": 1759730664,
        "narHash": "sha256-boRlBQ/c4CaHsK/z04QL6+t81mcar37Io94HBX2GflY=",
        "owner": "BirdeeHub",
        "repo": "nixCats-nvim",
        "rev": "77dffad8235eb77684fcb7599487c8e9f23d5b8f",
        "type": "github"
      },
      "original": {
        "owner": "BirdeeHub",
        "repo": "nixCats-nvim",
        "type": "github"
      }
    },
    "nixpkgs": {
      "locked": {
        "lastModified": 1761114652,
        "narHash": "sha256-f/QCJM/YhrV/lavyCVz8iU3rlZun6d+dAiC3H+CDle4=",
        "owner": "NixOS",
        "repo": "nixpkgs",
        "rev": "01f116e4df6a15f4ccdffb1bcd41096869fb385c",
        "type": "github"
      },
      "original": {
        "owner": "NixOS",
        "ref": "nixos-unstable",
        "repo": "nixpkgs",
        "type": "github"
      }
    },
    "nixpkgs-unstable": {
      "locked": {
        "lastModified": 1761236834,
        "narHash": "sha256-+pthv6hrL5VLW2UqPdISGuLiUZ6SnAXdd2DdUE+fV2Q=",
        "owner": "NixOS",
        "repo": "nixpkgs",
        "rev": "d5faa84122bc0a1fd5d378492efce4e289f8eac1",
        "type": "github"
      },
      "original": {
        "owner": "NixOS",
        "ref": "nixpkgs-unstable",
        "repo": "nixpkgs",
        "type": "github"
      }
    },
    "nvim-config": {
      "inputs": {
        "nixCats": "nixCats",
        "nixpkgs": [
          "nixpkgs"
        ],
        "plugins-debugmaster": "plugins-debugmaster",
        "plugins-quicktype": "plugins-quicktype",
        "plugins-winpick": "plugins-winpick"
      },
      "locked": {
        "lastModified": 1761278664,
        "narHash": "sha256-5xFUOIGV3ZzVY1YXO8eIB7M1Hi0EzNolHm2oei66r9w=",
        "owner": "GGM-Kuro",
        "repo": "zen-nvim",
        "rev": "2bc9cd0a6f3751bf905c7a3d1a71ce3f0344703e",
        "type": "github"
      },
      "original": {
        "owner": "GGM-Kuro",
        "repo": "zen-nvim",
        "type": "github"
      }
    },
    "plugins-debugmaster": {
      "flake": false,
      "locked": {
        "lastModified": 1752666818,
        "narHash": "sha256-pdgS0z8KdLsl7VexbPaRPtYc2lebzAgTtM3B52IaCpQ=",
        "owner": "miroshQa",
        "repo": "debugmaster.nvim",
        "rev": "3d144b98c2c23f39123fbf5f10fdff7d6480a0e6",
        "type": "github"
      },
      "original": {
        "owner": "miroshQa",
        "repo": "debugmaster.nvim",
        "type": "github"
      }
    },
    "plugins-quicktype": {
      "flake": false,
      "locked": {
        "lastModified": 1746874816,
        "narHash": "sha256-6BUKuRZ+7cUYvXuP9WF760IID9O4x/hn7uOK5/iApgc=",
        "owner": "midoBB",
        "repo": "nvim-quicktype",
        "rev": "6d557a32fec1fb8a0b635e98cb856b24c7f0ef00",
        "type": "github"
      },
      "original": {
        "owner": "midoBB",
        "repo": "nvim-quicktype",
        "type": "github"
      }
    },
    "plugins-winpick": {
      "flake": false,
      "locked": {
        "lastModified": 1751282954,
        "narHash": "sha256-YXwM0hzqyIob6wMumkqqsPp2nRMuPxYnrHW4ihU6htw=",
        "owner": "MarcusGrass",
        "repo": "nvim_winpick",
        "rev": "18037e9f5ce417bd75d16ebbf70787bcc478c249",
        "type": "github"
      },
      "original": {
        "owner": "MarcusGrass",
        "repo": "nvim_winpick",
        "type": "github"
      }
    },
    "root": {
      "inputs": {
        "flake-utils": "flake-utils",
        "home-manager": "home-manager",
        "nixpkgs": "nixpkgs",
        "nixpkgs-unstable": "nixpkgs-unstable",
        "nvim-config": "nvim-config"
      }
    },
    "systems": {
      "locked": {
        "lastModified": 1681028828,
        "narHash": "sha256-Vy1rq5AaRuLzOxct8nz4T6wlgyUR7zLU309k9mBC768=",
        "owner": "nix-systems",
        "repo": "default",
        "rev": "da67096a3b9bf56a91d16901293e51ba5b49a27e",
        "type": "github"
      },
      "original": {
        "owner": "nix-systems",
        "repo": "default",
        "type": "github"
      }
    }
  },
  "root": "root",
  "version": 7
}
